
Microsoft Visual Studio Solution File, Format Version 12.00
# Visual Studio Version 17
VisualStudioVersion = 17.3.32825.248
MinimumVisualStudioVersion = 10.0.40219.1
Project("{FAE04EC0-301F-11D3-BF4B-00C04F79EFBC}") = "tochka", "tochka\tochka.csproj", "{8C681D8E-51BD-43E9-83FA-D71C52F0CCBE}"
EndProject
Global
	GlobalSection(SolutionConfigurationPlatforms) = preSolution
		Debug|Any CPU = Debug|Any CPU
		Release|Any CPU = Release|Any CPU
	EndGlobalSection
	GlobalSection(ProjectConfigurationPlatforms) = postSolution
		{8C681D8E-51BD-43E9-83FA-D71C52F0CCBE}.Debug|Any CPU.ActiveCfg = Debug|Any CPU
		{8C681D8E-51BD-43E9-83FA-D71C52F0CCBE}.Debug|Any CPU.Build.0 = Debug|Any CPU
		{8C681D8E-51BD-43E9-83FA-D71C52F0CCBE}.Release|Any CPU.ActiveCfg = Release|Any CPU
		{8C681D8E-51BD-43E9-83FA-D71C52F0CCBE}.Release|Any CPU.Build.0 = Release|Any CPU
	EndGlobalSection
	GlobalSection(SolutionProperties) = preSolution
		HideSolutionNode = FALSE
	EndGlobalSection
	GlobalSection(ExtensibilityGlobals) = postSolution
		SolutionGuid = {9B7E42D6-5947-4360-9285-1A3DA4DB5E77}
	EndGlobalSection
EndGlobal
